
Microsoft Visual Studio Solution File, Format Version 9.00
# Visual Studio 2005
Project("{FAE04EC0-301F-11D3-BF4B-00C04F79EFBC}") = "XnaGamesInfrastructure", "XnaGamesInfrastructure\XnaGamesInfrastructure.csproj", "{B82A3755-59F2-4AAC-954C-FDDE78C611EB}"
EndProject
Project("{FAE04EC0-301F-11D3-BF4B-00C04F79EFBC}") = "SpaceInvadersGame", "SpaceInvadersGame\SpaceInvadersGame.csproj", "{7E6A22A4-5213-4C3C-9ABE-DF1898674446}"
EndProject
Global
	GlobalSection(SolutionConfigurationPlatforms) = preSolution
		Debug|x86 = Debug|x86
		Release|x86 = Release|x86
	EndGlobalSection
	GlobalSection(ProjectConfigurationPlatforms) = postSolution
		{B82A3755-59F2-4AAC-954C-FDDE78C611EB}.Debug|x86.ActiveCfg = Debug|x86
		{B82A3755-59F2-4AAC-954C-FDDE78C611EB}.Debug|x86.Build.0 = Debug|x86
		{B82A3755-59F2-4AAC-954C-FDDE78C611EB}.Release|x86.ActiveCfg = Release|x86
		{B82A3755-59F2-4AAC-954C-FDDE78C611EB}.Release|x86.Build.0 = Release|x86
<<<<<<< .mine
		{24205D5C-4168-421F-A34E-6A3F80B1B369}.Debug|x86.ActiveCfg = Debug|x86
		{24205D5C-4168-421F-A34E-6A3F80B1B369}.Release|x86.ActiveCfg = Release|x86
		{0BA6F04E-E25A-4F11-A0E6-2A98CB81D51D}.Debug|x86.ActiveCfg = Debug|x86
		{0BA6F04E-E25A-4F11-A0E6-2A98CB81D51D}.Release|x86.ActiveCfg = Release|x86
=======
>>>>>>> .r46
		{7E6A22A4-5213-4C3C-9ABE-DF1898674446}.Debug|x86.ActiveCfg = Debug|x86
		{7E6A22A4-5213-4C3C-9ABE-DF1898674446}.Debug|x86.Build.0 = Debug|x86
		{7E6A22A4-5213-4C3C-9ABE-DF1898674446}.Release|x86.ActiveCfg = Release|x86
		{7E6A22A4-5213-4C3C-9ABE-DF1898674446}.Release|x86.Build.0 = Release|x86
		{417A3624-FC75-45AD-BAA4-CCB6A9DA6858}.Debug|x86.ActiveCfg = Debug|x86
		{417A3624-FC75-45AD-BAA4-CCB6A9DA6858}.Release|x86.ActiveCfg = Release|x86
	EndGlobalSection
	GlobalSection(SolutionProperties) = preSolution
		HideSolutionNode = FALSE
	EndGlobalSection
EndGlobal
