
Microsoft Visual Studio Solution File, Format Version 9.00
# Visual Studio 2005
Project("{FAE04EC0-301F-11D3-BF4B-00C04F79EFBC}") = "DreidelGame", "Dreidel\DreidelGame.csproj", "{BF6681A2-2156-401B-9F67-30D94D6D41DD}"
EndProject
Global
	GlobalSection(SolutionConfigurationPlatforms) = preSolution
		Debug|x86 = Debug|x86
		Release|x86 = Release|x86
	EndGlobalSection
	GlobalSection(ProjectConfigurationPlatforms) = postSolution
		{BF6681A2-2156-401B-9F67-30D94D6D41DD}.Debug|x86.ActiveCfg = Debug|x86
		{BF6681A2-2156-401B-9F67-30D94D6D41DD}.Debug|x86.Build.0 = Debug|x86
		{BF6681A2-2156-401B-9F67-30D94D6D41DD}.Release|x86.ActiveCfg = Release|x86
		{BF6681A2-2156-401B-9F67-30D94D6D41DD}.Release|x86.Build.0 = Release|x86
		{735FF8A9-0814-4201-B7A1-8C3345C9AA44}.Debug|x86.ActiveCfg = Debug|x86
		{735FF8A9-0814-4201-B7A1-8C3345C9AA44}.Release|x86.ActiveCfg = Release|x86
	EndGlobalSection
	GlobalSection(SolutionProperties) = preSolution
		HideSolutionNode = FALSE
	EndGlobalSection
EndGlobal
